
Microsoft Visual Studio Solution File, Format Version 12.00
# Visual Studio Version 17
VisualStudioVersion = 17.4.33110.190
MinimumVisualStudioVersion = 10.0.40219.1
Project("{F184B08F-C81C-45F6-A57F-5ABD9991F28F}") = "crud_demo", "crud_demo\crud_demo.vbproj", "{5947F319-09C6-4C4D-8D33-E9FFF92EB621}"
EndProject
Global
	GlobalSection(SolutionConfigurationPlatforms) = preSolution
		Debug|Any CPU = Debug|Any CPU
		Release|Any CPU = Release|Any CPU
	EndGlobalSection
	GlobalSection(ProjectConfigurationPlatforms) = postSolution
		{5947F319-09C6-4C4D-8D33-E9FFF92EB621}.Debug|Any CPU.ActiveCfg = Debug|Any CPU
		{5947F319-09C6-4C4D-8D33-E9FFF92EB621}.Debug|Any CPU.Build.0 = Debug|Any CPU
		{5947F319-09C6-4C4D-8D33-E9FFF92EB621}.Release|Any CPU.ActiveCfg = Release|Any CPU
		{5947F319-09C6-4C4D-8D33-E9FFF92EB621}.Release|Any CPU.Build.0 = Release|Any CPU
	EndGlobalSection
	GlobalSection(SolutionProperties) = preSolution
		HideSolutionNode = FALSE
	EndGlobalSection
	GlobalSection(ExtensibilityGlobals) = postSolution
		SolutionGuid = {68001522-31D1-4D12-A96D-A92DD7510642}
	EndGlobalSection
EndGlobal
